
Microsoft Visual Studio Solution File, Format Version 12.00
# Visual Studio Version 17
VisualStudioVersion = 17.14.36401.2 d17.14
MinimumVisualStudioVersion = 10.0.40219.1
Project("{FAE04EC0-301F-11D3-BF4B-00C04F79EFBC}") = "WebApi", "WebApi.csproj", "{25FB02C8-CE01-4ADD-804A-B4FF2C82DA4A}"
EndProject
Global
	GlobalSection(SolutionConfigurationPlatforms) = preSolution
		Debug|Any CPU = Debug|Any CPU
		Release|Any CPU = Release|Any CPU
	EndGlobalSection
	GlobalSection(ProjectConfigurationPlatforms) = postSolution
		{25FB02C8-CE01-4ADD-804A-B4FF2C82DA4A}.Debug|Any CPU.ActiveCfg = Debug|Any CPU
		{25FB02C8-CE01-4ADD-804A-B4FF2C82DA4A}.Debug|Any CPU.Build.0 = Debug|Any CPU
		{25FB02C8-CE01-4ADD-804A-B4FF2C82DA4A}.Release|Any CPU.ActiveCfg = Release|Any CPU
		{25FB02C8-CE01-4ADD-804A-B4FF2C82DA4A}.Release|Any CPU.Build.0 = Release|Any CPU
	EndGlobalSection
	GlobalSection(SolutionProperties) = preSolution
		HideSolutionNode = FALSE
	EndGlobalSection
	GlobalSection(ExtensibilityGlobals) = postSolution
		SolutionGuid = {31A99E8C-0B4F-43B2-9765-613ED673A68F}
	EndGlobalSection
EndGlobal
